
Microsoft Visual Studio Solution File, Format Version 12.00
# Visual Studio Version 16
VisualStudioVersion = 16.0.32929.386
MinimumVisualStudioVersion = 10.0.40219.1
Project("{FAE04EC0-301F-11D3-BF4B-00C04F79EFBC}") = "ComparatorOKVED_", "ComparatorOKVED\ComparatorOKVED_.csproj", "{FD70BCCB-258C-4630-A3D8-854812864885}"
EndProject
Project("{FAE04EC0-301F-11D3-BF4B-00C04F79EFBC}") = "ComparatorOKVED", "Comparator.OKVED\ComparatorOKVED.csproj", "{318CF24F-33F7-4E76-9E9F-857860F7CEFE}"
EndProject
Global
	GlobalSection(SolutionConfigurationPlatforms) = preSolution
		Debug|Any CPU = Debug|Any CPU
		Release|Any CPU = Release|Any CPU
	EndGlobalSection
	GlobalSection(ProjectConfigurationPlatforms) = postSolution
		{FD70BCCB-258C-4630-A3D8-854812864885}.Debug|Any CPU.ActiveCfg = Debug|Any CPU
		{FD70BCCB-258C-4630-A3D8-854812864885}.Debug|Any CPU.Build.0 = Debug|Any CPU
		{FD70BCCB-258C-4630-A3D8-854812864885}.Release|Any CPU.ActiveCfg = Release|Any CPU
		{FD70BCCB-258C-4630-A3D8-854812864885}.Release|Any CPU.Build.0 = Release|Any CPU
		{318CF24F-33F7-4E76-9E9F-857860F7CEFE}.Debug|Any CPU.ActiveCfg = Debug|Any CPU
		{318CF24F-33F7-4E76-9E9F-857860F7CEFE}.Debug|Any CPU.Build.0 = Debug|Any CPU
		{318CF24F-33F7-4E76-9E9F-857860F7CEFE}.Release|Any CPU.ActiveCfg = Release|Any CPU
		{318CF24F-33F7-4E76-9E9F-857860F7CEFE}.Release|Any CPU.Build.0 = Release|Any CPU
	EndGlobalSection
	GlobalSection(SolutionProperties) = preSolution
		HideSolutionNode = FALSE
	EndGlobalSection
	GlobalSection(ExtensibilityGlobals) = postSolution
		SolutionGuid = {D7E9814F-32DA-4503-85F1-5F80FAEC5D1B}
	EndGlobalSection
EndGlobal
